{
  "name": "layerx-mono",
  "version": "0.15.0",
  "lockfileVersion": 2,
  "requires": true,
  "packages": {
    "": {
      "name": "layerx-mono",
      "version": "0.15.0",
      "devDependencies": {
        "lefthook": "^1.4.0",
        "prettier": "^2.8.8"
      }
    },
    "node_modules/lefthook": {
      "version": "1.4.3",
      "resolved": "https://registry.npmjs.org/lefthook/-/lefthook-1.4.3.tgz",
      "integrity": "sha512-zvhAJ9wDQW7F27XYWRfx72L6LuPLu49be+sRUF+DKku1IGT+x3eHjQ9k70pt65lnEq1X8Xl/Xygm3Kwi/piOYg==",
      "dev": true,
      "hasInstallScript": true,
      "bin": {
        "lefthook": "bin/index.js"
      },
      "optionalDependencies": {
        "lefthook-darwin-arm64": "1.4.3",
        "lefthook-darwin-x64": "1.4.3",
        "lefthook-freebsd-arm64": "1.4.3",
        "lefthook-freebsd-x64": "1.4.3",
        "lefthook-linux-arm64": "1.4.3",
        "lefthook-linux-x64": "1.4.3",
        "lefthook-windows-arm64": "1.4.3",
        "lefthook-windows-x64": "1.4.3"
      }
    },
    "node_modules/lefthook-darwin-arm64": {
      "version": "1.4.3",
      "resolved": "https://registry.npmjs.org/lefthook-darwin-arm64/-/lefthook-darwin-arm64-1.4.3.tgz",
      "integrity": "sha512-ZFsgIzN+Z0c4RpMMHU/M4J43XFyXYGZI8r0GG4jqVMX+prDBIb/6vpgMdZxK5IozRUmnfLGQPXcVokE9WBHSOg==",
      "cpu": [
        "arm64"
      ],
      "dev": true,
      "optional": true,
      "os": [
        "darwin"
      ]
    },
    "node_modules/lefthook-darwin-x64": {
      "version": "1.4.3",
      "resolved": "https://registry.npmjs.org/lefthook-darwin-x64/-/lefthook-darwin-x64-1.4.3.tgz",
      "integrity": "sha512-O6ZesdJ9MStI38gNfJh0ShExIf0KyHG1lR32F9FUFklFwhcquRM+uIDyDqVCxU3UWqmKwcbTk9AJWMjQZGPLxQ==",
      "cpu": [
        "x64"
      ],
      "dev": true,
      "optional": true,
      "os": [
        "darwin"
      ]
    },
    "node_modules/lefthook-freebsd-arm64": {
      "version": "1.4.3",
      "resolved": "https://registry.npmjs.org/lefthook-freebsd-arm64/-/lefthook-freebsd-arm64-1.4.3.tgz",
      "integrity": "sha512-6swb+98Qs6P9V9Rcd2lHWH2LunFEk+kfIPpf6oiPrOHnw3OkfFhQLmawX425Ari7Y9qy9gfDoNe/0/IR7YGmGw==",
      "cpu": [
        "arm64"
      ],
      "dev": true,
      "optional": true,
      "os": [
        "freebsd"
      ]
    },
    "node_modules/lefthook-freebsd-x64": {
      "version": "1.4.3",
      "resolved": "https://registry.npmjs.org/lefthook-freebsd-x64/-/lefthook-freebsd-x64-1.4.3.tgz",
      "integrity": "sha512-+58NARATypmIj0kDutd29ozywr6IeA0lVBxsVzq7C5ycYrd31iNak3lnaEvNJvdj5fGVNEL9X7XRojylthZlAg==",
      "cpu": [
        "x64"
      ],
      "dev": true,
      "optional": true,
      "os": [
        "freebsd"
      ]
    },
    "node_modules/lefthook-linux-arm64": {
      "version": "1.4.3",
      "resolved": "https://registry.npmjs.org/lefthook-linux-arm64/-/lefthook-linux-arm64-1.4.3.tgz",
      "integrity": "sha512-gAWJQEhgheOfPu579fhlcNNm3KoJbNkT11AATKHlFu+esyiCxI8xZVpGwDQVMphO7s43FKbkQJSvIM4tElb6FQ==",
      "cpu": [
        "arm64"
      ],
      "dev": true,
      "optional": true,
      "os": [
        "linux"
      ]
    },
    "node_modules/lefthook-linux-x64": {
      "version": "1.4.3",
      "resolved": "https://registry.npmjs.org/lefthook-linux-x64/-/lefthook-linux-x64-1.4.3.tgz",
      "integrity": "sha512-mVv/amRqX81nQcizhRRx/X6KKNIkMUG4HdDItWkDazwLAviZ2zv8TRcSaEYBOpriP/dBZm8gt6EhzPpfoWtcJw==",
      "cpu": [
        "x64"
      ],
      "dev": true,
      "optional": true,
      "os": [
        "linux"
      ]
    },
    "node_modules/lefthook-windows-arm64": {
      "version": "1.4.3",
      "resolved": "https://registry.npmjs.org/lefthook-windows-arm64/-/lefthook-windows-arm64-1.4.3.tgz",
      "integrity": "sha512-ccClPTC7AvhcbyT6pLzdV8K8e/P0T7p/THGRtcyjkKIU0IS89k95VazDlt22QPzUTc8UMNCQyZ1XY4UDx295jw==",
      "cpu": [
        "arm64"
      ],
      "dev": true,
      "optional": true,
      "os": [
        "win32"
      ]
    },
    "node_modules/lefthook-windows-x64": {
      "version": "1.4.3",
      "resolved": "https://registry.npmjs.org/lefthook-windows-x64/-/lefthook-windows-x64-1.4.3.tgz",
      "integrity": "sha512-q1K5kycfqTYLm5/pOCiAFa+hoSFt/29QjHVZAWRmk/nKDIf8MvTWX0tdaEx7/VJuG3cgQT1jM+xiTwSmNUXTKg==",
      "cpu": [
        "x64"
      ],
      "dev": true,
      "optional": true,
      "os": [
        "win32"
      ]
    },
    "node_modules/prettier": {
      "version": "2.8.8",
      "resolved": "https://registry.npmjs.org/prettier/-/prettier-2.8.8.tgz",
      "integrity": "sha512-tdN8qQGvNjw4CHbY+XXk0JgCXn9QiF21a55rBe5LJAU+kDyC4WQn4+awm2Xfk2lQMk5fKup9XgzTZtGkjBdP9Q==",
      "dev": true,
      "bin": {
        "prettier": "bin-prettier.js"
      },
      "engines": {
        "node": ">=10.13.0"
      },
      "funding": {
        "url": "https://github.com/prettier/prettier?sponsor=1"
      }
    }
  },
  "dependencies": {
    "lefthook": {
      "version": "1.4.3",
      "resolved": "https://registry.npmjs.org/lefthook/-/lefthook-1.4.3.tgz",
      "integrity": "sha512-zvhAJ9wDQW7F27XYWRfx72L6LuPLu49be+sRUF+DKku1IGT+x3eHjQ9k70pt65lnEq1X8Xl/Xygm3Kwi/piOYg==",
      "dev": true,
      "requires": {
        "lefthook-darwin-arm64": "1.4.3",
        "lefthook-darwin-x64": "1.4.3",
        "lefthook-freebsd-arm64": "1.4.3",
        "lefthook-freebsd-x64": "1.4.3",
        "lefthook-linux-arm64": "1.4.3",
        "lefthook-linux-x64": "1.4.3",
        "lefthook-windows-arm64": "1.4.3",
        "lefthook-windows-x64": "1.4.3"
      }
    },
    "lefthook-darwin-arm64": {
      "version": "1.4.3",
      "resolved": "https://registry.npmjs.org/lefthook-darwin-arm64/-/lefthook-darwin-arm64-1.4.3.tgz",
      "integrity": "sha512-ZFsgIzN+Z0c4RpMMHU/M4J43XFyXYGZI8r0GG4jqVMX+prDBIb/6vpgMdZxK5IozRUmnfLGQPXcVokE9WBHSOg==",
      "dev": true,
      "optional": true
    },
    "lefthook-darwin-x64": {
      "version": "1.4.3",
      "resolved": "https://registry.npmjs.org/lefthook-darwin-x64/-/lefthook-darwin-x64-1.4.3.tgz",
      "integrity": "sha512-O6ZesdJ9MStI38gNfJh0ShExIf0KyHG1lR32F9FUFklFwhcquRM+uIDyDqVCxU3UWqmKwcbTk9AJWMjQZGPLxQ==",
      "dev": true,
      "optional": true
    },
    "lefthook-freebsd-arm64": {
      "version": "1.4.3",
      "resolved": "https://registry.npmjs.org/lefthook-freebsd-arm64/-/lefthook-freebsd-arm64-1.4.3.tgz",
      "integrity": "sha512-6swb+98Qs6P9V9Rcd2lHWH2LunFEk+kfIPpf6oiPrOHnw3OkfFhQLmawX425Ari7Y9qy9gfDoNe/0/IR7YGmGw==",
      "dev": true,
      "optional": true
    },
    "lefthook-freebsd-x64": {
      "version": "1.4.3",
      "resolved": "https://registry.npmjs.org/lefthook-freebsd-x64/-/lefthook-freebsd-x64-1.4.3.tgz",
      "integrity": "sha512-+58NARATypmIj0kDutd29ozywr6IeA0lVBxsVzq7C5ycYrd31iNak3lnaEvNJvdj5fGVNEL9X7XRojylthZlAg==",
      "dev": true,
      "optional": true
    },
    "lefthook-linux-arm64": {
      "version": "1.4.3",
      "resolved": "https://registry.npmjs.org/lefthook-linux-arm64/-/lefthook-linux-arm64-1.4.3.tgz",
      "integrity": "sha512-gAWJQEhgheOfPu579fhlcNNm3KoJbNkT11AATKHlFu+esyiCxI8xZVpGwDQVMphO7s43FKbkQJSvIM4tElb6FQ==",
      "dev": true,
      "optional": true
    },
    "lefthook-linux-x64": {
      "version": "1.4.3",
      "resolved": "https://registry.npmjs.org/lefthook-linux-x64/-/lefthook-linux-x64-1.4.3.tgz",
      "integrity": "sha512-mVv/amRqX81nQcizhRRx/X6KKNIkMUG4HdDItWkDazwLAviZ2zv8TRcSaEYBOpriP/dBZm8gt6EhzPpfoWtcJw==",
      "dev": true,
      "optional": true
    },
    "lefthook-windows-arm64": {
      "version": "1.4.3",
      "resolved": "https://registry.npmjs.org/lefthook-windows-arm64/-/lefthook-windows-arm64-1.4.3.tgz",
      "integrity": "sha512-ccClPTC7AvhcbyT6pLzdV8K8e/P0T7p/THGRtcyjkKIU0IS89k95VazDlt22QPzUTc8UMNCQyZ1XY4UDx295jw==",
      "dev": true,
      "optional": true
    },
    "lefthook-windows-x64": {
      "version": "1.4.3",
      "resolved": "https://registry.npmjs.org/lefthook-windows-x64/-/lefthook-windows-x64-1.4.3.tgz",
      "integrity": "sha512-q1K5kycfqTYLm5/pOCiAFa+hoSFt/29QjHVZAWRmk/nKDIf8MvTWX0tdaEx7/VJuG3cgQT1jM+xiTwSmNUXTKg==",
      "dev": true,
      "optional": true
    },
    "prettier": {
      "version": "2.8.8",
      "resolved": "https://registry.npmjs.org/prettier/-/prettier-2.8.8.tgz",
      "integrity": "sha512-tdN8qQGvNjw4CHbY+XXk0JgCXn9QiF21a55rBe5LJAU+kDyC4WQn4+awm2Xfk2lQMk5fKup9XgzTZtGkjBdP9Q==",
      "dev": true
    }
  }
}
