# THIS IS AN AUTOGENERATED FILE. DO NOT EDIT THIS FILE DIRECTLY.
# yarn lockfile v1


lefthook-darwin-x64@1.4.3:
  version "1.4.3"
  resolved "https://registry.npmjs.org/lefthook-darwin-x64/-/lefthook-darwin-x64-1.4.3.tgz"
  integrity sha512-O6ZesdJ9MStI38gNfJh0ShExIf0KyHG1lR32F9FUFklFwhcquRM+uIDyDqVCxU3UWqmKwcbTk9AJWMjQZGPLxQ==

lefthook@^1.4.0:
  version "1.4.3"
  resolved "https://registry.npmjs.org/lefthook/-/lefthook-1.4.3.tgz"
  integrity sha512-zvhAJ9wDQW7F27XYWRfx72L6LuPLu49be+sRUF+DKku1IGT+x3eHjQ9k70pt65lnEq1X8Xl/Xygm3Kwi/piOYg==
  optionalDependencies:
    lefthook-darwin-arm64 "1.4.3"
    lefthook-darwin-x64 "1.4.3"
    lefthook-freebsd-arm64 "1.4.3"
    lefthook-freebsd-x64 "1.4.3"
    lefthook-linux-arm64 "1.4.3"
    lefthook-linux-x64 "1.4.3"
    lefthook-windows-arm64 "1.4.3"
    lefthook-windows-x64 "1.4.3"

prettier@^2.8.8:
  version "2.8.8"
  resolved "https://registry.npmjs.org/prettier/-/prettier-2.8.8.tgz"
  integrity sha512-tdN8qQGvNjw4CHbY+XXk0JgCXn9QiF21a55rBe5LJAU+kDyC4WQn4+awm2Xfk2lQMk5fKup9XgzTZtGkjBdP9Q==
